
Microsoft Visual Studio Solution File, Format Version 12.00
# Visual Studio 15
VisualStudioVersion = 15.0.28307.572
MinimumVisualStudioVersion = 10.0.40219.1
Project("{FAE04EC0-301F-11D3-BF4B-00C04F79EFBC}") = "Laboratorio5", "Laboratorio5\Laboratorio5.csproj", "{AB48011E-9D83-45BB-A1A5-87FA49C4BA77}"
EndProject
Global
	GlobalSection(SolutionConfigurationPlatforms) = preSolution
		Debug|Any CPU = Debug|Any CPU
		Release|Any CPU = Release|Any CPU
	EndGlobalSection
	GlobalSection(ProjectConfigurationPlatforms) = postSolution
		{AB48011E-9D83-45BB-A1A5-87FA49C4BA77}.Debug|Any CPU.ActiveCfg = Debug|Any CPU
		{AB48011E-9D83-45BB-A1A5-87FA49C4BA77}.Debug|Any CPU.Build.0 = Debug|Any CPU
		{AB48011E-9D83-45BB-A1A5-87FA49C4BA77}.Release|Any CPU.ActiveCfg = Release|Any CPU
		{AB48011E-9D83-45BB-A1A5-87FA49C4BA77}.Release|Any CPU.Build.0 = Release|Any CPU
	EndGlobalSection
	GlobalSection(SolutionProperties) = preSolution
		HideSolutionNode = FALSE
	EndGlobalSection
	GlobalSection(ExtensibilityGlobals) = postSolution
		SolutionGuid = {58345C8A-7FDB-49E1-A690-1278CE907255}
	EndGlobalSection
EndGlobal
